
Microsoft Visual Studio Solution File, Format Version 12.00
# Visual Studio Version 17
VisualStudioVersion = 17.0.32126.317
MinimumVisualStudioVersion = 10.0.40219.1
Project("{FAE04EC0-301F-11D3-BF4B-00C04F79EFBC}") = "ConsoleApp4", "ConsoleApp4\ConsoleApp4.csproj", "{AEDBB1A1-A56F-4B38-BA57-594071A4FEED}"
EndProject
Global
	GlobalSection(SolutionConfigurationPlatforms) = preSolution
		Debug|Any CPU = Debug|Any CPU
		Release|Any CPU = Release|Any CPU
	EndGlobalSection
	GlobalSection(ProjectConfigurationPlatforms) = postSolution
		{AEDBB1A1-A56F-4B38-BA57-594071A4FEED}.Debug|Any CPU.ActiveCfg = Debug|Any CPU
		{AEDBB1A1-A56F-4B38-BA57-594071A4FEED}.Debug|Any CPU.Build.0 = Debug|Any CPU
		{AEDBB1A1-A56F-4B38-BA57-594071A4FEED}.Release|Any CPU.ActiveCfg = Release|Any CPU
		{AEDBB1A1-A56F-4B38-BA57-594071A4FEED}.Release|Any CPU.Build.0 = Release|Any CPU
	EndGlobalSection
	GlobalSection(SolutionProperties) = preSolution
		HideSolutionNode = FALSE
	EndGlobalSection
	GlobalSection(ExtensibilityGlobals) = postSolution
		SolutionGuid = {716E2230-6B2A-42E8-A2F6-7726B2E0872A}
	EndGlobalSection
EndGlobal
