
Microsoft Visual Studio Solution File, Format Version 12.00
# Visual Studio Version 17
VisualStudioVersion = 17.0.32126.317
MinimumVisualStudioVersion = 10.0.40219.1
Project("{FAE04EC0-301F-11D3-BF4B-00C04F79EFBC}") = "ConsoleApp2", "ConsoleApp2\ConsoleApp2.csproj", "{1657207E-747D-47D5-A490-D2550B4B5F86}"
EndProject
Global
	GlobalSection(SolutionConfigurationPlatforms) = preSolution
		Debug|Any CPU = Debug|Any CPU
		Release|Any CPU = Release|Any CPU
	EndGlobalSection
	GlobalSection(ProjectConfigurationPlatforms) = postSolution
		{1657207E-747D-47D5-A490-D2550B4B5F86}.Debug|Any CPU.ActiveCfg = Debug|Any CPU
		{1657207E-747D-47D5-A490-D2550B4B5F86}.Debug|Any CPU.Build.0 = Debug|Any CPU
		{1657207E-747D-47D5-A490-D2550B4B5F86}.Release|Any CPU.ActiveCfg = Release|Any CPU
		{1657207E-747D-47D5-A490-D2550B4B5F86}.Release|Any CPU.Build.0 = Release|Any CPU
	EndGlobalSection
	GlobalSection(SolutionProperties) = preSolution
		HideSolutionNode = FALSE
	EndGlobalSection
	GlobalSection(ExtensibilityGlobals) = postSolution
		SolutionGuid = {5E67182B-522F-4123-BE94-D1BA8196272D}
	EndGlobalSection
EndGlobal
