
Microsoft Visual Studio Solution File, Format Version 12.00
# Visual Studio Version 17
VisualStudioVersion = 17.0.32126.317
MinimumVisualStudioVersion = 10.0.40219.1
Project("{FAE04EC0-301F-11D3-BF4B-00C04F79EFBC}") = "ConsoleApp4", "ConsoleApp4\ConsoleApp4.csproj", "{741F27E2-789F-4F71-8354-8BA12C5DE6D7}"
EndProject
Global
	GlobalSection(SolutionConfigurationPlatforms) = preSolution
		Debug|Any CPU = Debug|Any CPU
		Release|Any CPU = Release|Any CPU
	EndGlobalSection
	GlobalSection(ProjectConfigurationPlatforms) = postSolution
		{741F27E2-789F-4F71-8354-8BA12C5DE6D7}.Debug|Any CPU.ActiveCfg = Debug|Any CPU
		{741F27E2-789F-4F71-8354-8BA12C5DE6D7}.Debug|Any CPU.Build.0 = Debug|Any CPU
		{741F27E2-789F-4F71-8354-8BA12C5DE6D7}.Release|Any CPU.ActiveCfg = Release|Any CPU
		{741F27E2-789F-4F71-8354-8BA12C5DE6D7}.Release|Any CPU.Build.0 = Release|Any CPU
	EndGlobalSection
	GlobalSection(SolutionProperties) = preSolution
		HideSolutionNode = FALSE
	EndGlobalSection
	GlobalSection(ExtensibilityGlobals) = postSolution
		SolutionGuid = {B03C14EE-B576-40E5-966F-BA686AE92418}
	EndGlobalSection
EndGlobal
