
Microsoft Visual Studio Solution File, Format Version 12.00
# Visual Studio Version 17
VisualStudioVersion = 17.0.32126.317
MinimumVisualStudioVersion = 10.0.40219.1
Project("{FAE04EC0-301F-11D3-BF4B-00C04F79EFBC}") = "WindowsFormsApp2", "WindowsFormsApp2\WindowsFormsApp2.csproj", "{A6CB1D76-9FE7-406E-859D-766DAA0A4E37}"
EndProject
Global
	GlobalSection(SolutionConfigurationPlatforms) = preSolution
		Debug|Any CPU = Debug|Any CPU
		Release|Any CPU = Release|Any CPU
	EndGlobalSection
	GlobalSection(ProjectConfigurationPlatforms) = postSolution
		{A6CB1D76-9FE7-406E-859D-766DAA0A4E37}.Debug|Any CPU.ActiveCfg = Debug|Any CPU
		{A6CB1D76-9FE7-406E-859D-766DAA0A4E37}.Debug|Any CPU.Build.0 = Debug|Any CPU
		{A6CB1D76-9FE7-406E-859D-766DAA0A4E37}.Release|Any CPU.ActiveCfg = Release|Any CPU
		{A6CB1D76-9FE7-406E-859D-766DAA0A4E37}.Release|Any CPU.Build.0 = Release|Any CPU
	EndGlobalSection
	GlobalSection(SolutionProperties) = preSolution
		HideSolutionNode = FALSE
	EndGlobalSection
	GlobalSection(ExtensibilityGlobals) = postSolution
		SolutionGuid = {AC6F0FFC-CE5F-4955-8429-FC027FCD2D7D}
	EndGlobalSection
EndGlobal
