
Microsoft Visual Studio Solution File, Format Version 12.00
# Visual Studio Version 17
VisualStudioVersion = 17.0.32126.317
MinimumVisualStudioVersion = 10.0.40219.1
Project("{FAE04EC0-301F-11D3-BF4B-00C04F79EFBC}") = "ConsoleApp2", "ConsoleApp2\ConsoleApp2.csproj", "{707EADA3-871F-40A7-9058-565238489E28}"
EndProject
Global
	GlobalSection(SolutionConfigurationPlatforms) = preSolution
		Debug|Any CPU = Debug|Any CPU
		Release|Any CPU = Release|Any CPU
	EndGlobalSection
	GlobalSection(ProjectConfigurationPlatforms) = postSolution
		{707EADA3-871F-40A7-9058-565238489E28}.Debug|Any CPU.ActiveCfg = Debug|Any CPU
		{707EADA3-871F-40A7-9058-565238489E28}.Debug|Any CPU.Build.0 = Debug|Any CPU
		{707EADA3-871F-40A7-9058-565238489E28}.Release|Any CPU.ActiveCfg = Release|Any CPU
		{707EADA3-871F-40A7-9058-565238489E28}.Release|Any CPU.Build.0 = Release|Any CPU
	EndGlobalSection
	GlobalSection(SolutionProperties) = preSolution
		HideSolutionNode = FALSE
	EndGlobalSection
	GlobalSection(ExtensibilityGlobals) = postSolution
		SolutionGuid = {08AD1877-21E8-424C-B6DC-B477E8EE93E1}
	EndGlobalSection
EndGlobal
