
Microsoft Visual Studio Solution File, Format Version 12.00
# Visual Studio Version 17
VisualStudioVersion = 17.0.32126.317
MinimumVisualStudioVersion = 10.0.40219.1
Project("{FAE04EC0-301F-11D3-BF4B-00C04F79EFBC}") = "ConsoleApp1", "ConsoleApp1\ConsoleApp1.csproj", "{E028A708-269A-4DAD-BC8D-053D28E48935}"
EndProject
Global
	GlobalSection(SolutionConfigurationPlatforms) = preSolution
		Debug|Any CPU = Debug|Any CPU
		Release|Any CPU = Release|Any CPU
	EndGlobalSection
	GlobalSection(ProjectConfigurationPlatforms) = postSolution
		{E028A708-269A-4DAD-BC8D-053D28E48935}.Debug|Any CPU.ActiveCfg = Debug|Any CPU
		{E028A708-269A-4DAD-BC8D-053D28E48935}.Debug|Any CPU.Build.0 = Debug|Any CPU
		{E028A708-269A-4DAD-BC8D-053D28E48935}.Release|Any CPU.ActiveCfg = Release|Any CPU
		{E028A708-269A-4DAD-BC8D-053D28E48935}.Release|Any CPU.Build.0 = Release|Any CPU
	EndGlobalSection
	GlobalSection(SolutionProperties) = preSolution
		HideSolutionNode = FALSE
	EndGlobalSection
	GlobalSection(ExtensibilityGlobals) = postSolution
		SolutionGuid = {E82F9D6D-70D3-428A-9DDD-B193EB910C13}
	EndGlobalSection
EndGlobal
